// !$*UTF8*$!
{
	archiveVersion = 1;
	classes = {
	};
	objectVersion = 56;
	objects = {

/* Begin PBXBuildFile section */
		080606222877324F0058DE6D /* AddButton.swift in Sources */ = {isa = PBXBuildFile; fileRef = 080606082877324E0058DE6D /* AddButton.swift */; };
		080606232877324F0058DE6D /* TransactionScreen.docc in Sources */ = {isa = PBXBuildFile; fileRef = 080606092877324E0058DE6D /* TransactionScreen.docc */; };
		080606242877324F0058DE6D /* Preview Assets.xcassets in Resources */ = {isa = PBXBuildFile; fileRef = 0806060B2877324E0058DE6D /* Preview Assets.xcassets */; };
		080606252877324F0058DE6D /* TransactionPresenter.swift in Sources */ = {isa = PBXBuildFile; fileRef = 0806060C2877324E0058DE6D /* TransactionPresenter.swift */; };
		080606262877324F0058DE6D /* TransactionItem.swift in Sources */ = {isa = PBXBuildFile; fileRef = 0806060D2877324E0058DE6D /* TransactionItem.swift */; };
		080606272877324F0058DE6D /* CategoriesItem.swift in Sources */ = {isa = PBXBuildFile; fileRef = 0806060E2877324E0058DE6D /* CategoriesItem.swift */; };
		080606282877324F0058DE6D /* TransactionScreenApp.swift in Sources */ = {isa = PBXBuildFile; fileRef = 0806060F2877324E0058DE6D /* TransactionScreenApp.swift */; };
		080606292877324F0058DE6D /* FiltersView.swift in Sources */ = {isa = PBXBuildFile; fileRef = 080606102877324E0058DE6D /* FiltersView.swift */; };
		0806062A2877324F0058DE6D /* CategoriesMenu.swift in Sources */ = {isa = PBXBuildFile; fileRef = 080606112877324E0058DE6D /* CategoriesMenu.swift */; };
		0806062B2877324F0058DE6D /* TransactionAddNewModal.swift in Sources */ = {isa = PBXBuildFile; fileRef = 080606122877324E0058DE6D /* TransactionAddNewModal.swift */; };
		0806062C2877324F0058DE6D /* MockTransactionRepository.swift in Sources */ = {isa = PBXBuildFile; fileRef = 080606152877324E0058DE6D /* MockTransactionRepository.swift */; };
		0806062D2877324F0058DE6D /* TransactionLocalStorageMock.swift in Sources */ = {isa = PBXBuildFile; fileRef = 080606162877324E0058DE6D /* TransactionLocalStorageMock.swift */; };
		0806062E2877324F0058DE6D /* MockCategorieRepository.swift in Sources */ = {isa = PBXBuildFile; fileRef = 080606172877324E0058DE6D /* MockCategorieRepository.swift */; };
		0806062F2877324F0058DE6D /* InjectionInit.swift in Sources */ = {isa = PBXBuildFile; fileRef = 080606182877324E0058DE6D /* InjectionInit.swift */; };
		080606302877324F0058DE6D /* Header.swift in Sources */ = {isa = PBXBuildFile; fileRef = 0806061B2877324F0058DE6D /* Header.swift */; };
		080606312877324F0058DE6D /* FilterButton.swift in Sources */ = {isa = PBXBuildFile; fileRef = 0806061C2877324F0058DE6D /* FilterButton.swift */; };
		080606322877324F0058DE6D /* ClearButton.swift in Sources */ = {isa = PBXBuildFile; fileRef = 0806061D2877324F0058DE6D /* ClearButton.swift */; };
		080606332877324F0058DE6D /* CategoriesMenuFilter.swift in Sources */ = {isa = PBXBuildFile; fileRef = 0806061E2877324F0058DE6D /* CategoriesMenuFilter.swift */; };
		080606342877324F0058DE6D /* DatesMenuFilter.swift in Sources */ = {isa = PBXBuildFile; fileRef = 0806061F2877324F0058DE6D /* DatesMenuFilter.swift */; };
		080606352877324F0058DE6D /* TransationsVIew.swift in Sources */ = {isa = PBXBuildFile; fileRef = 080606202877324F0058DE6D /* TransationsVIew.swift */; };
		080606362877324F0058DE6D /* Assets.xcassets in Resources */ = {isa = PBXBuildFile; fileRef = 080606212877324F0058DE6D /* Assets.xcassets */; };
		08B626FF287706C4007DA861 /* TransactionScreen.docc in Sources */ = {isa = PBXBuildFile; fileRef = 08B626FE287706C4007DA861 /* TransactionScreen.docc */; };
		08B62705287706C4007DA861 /* TransactionScreen.framework in Frameworks */ = {isa = PBXBuildFile; fileRef = 08B626FA287706C4007DA861 /* TransactionScreen.framework */; };
		08B6270A287706C4007DA861 /* TransactionScreenTests.swift in Sources */ = {isa = PBXBuildFile; fileRef = 08B62709287706C4007DA861 /* TransactionScreenTests.swift */; };
		08B6270B287706C4007DA861 /* TransactionScreen.h in Headers */ = {isa = PBXBuildFile; fileRef = 08B626FD287706C4007DA861 /* TransactionScreen.h */; settings = {ATTRIBUTES = (Public, ); }; };
		08B6274628770785007DA861 /* BudgetPlannerCore in Frameworks */ = {isa = PBXBuildFile; productRef = 08B6274528770785007DA861 /* BudgetPlannerCore */; };
/* End PBXBuildFile section */

/* Begin PBXContainerItemProxy section */
		08B62706287706C4007DA861 /* PBXContainerItemProxy */ = {
			isa = PBXContainerItemProxy;
			containerPortal = 08B626F1287706C4007DA861 /* Project object */;
			proxyType = 1;
			remoteGlobalIDString = 08B626F9287706C4007DA861;
			remoteInfo = TransactionScreen;
		};
/* End PBXContainerItemProxy section */

/* Begin PBXFileReference section */
		080606082877324E0058DE6D /* AddButton.swift */ = {isa = PBXFileReference; fileEncoding = 4; lastKnownFileType = sourcecode.swift; path = AddButton.swift; sourceTree = "<group>"; };
		080606092877324E0058DE6D /* TransactionScreen.docc */ = {isa = PBXFileReference; lastKnownFileType = folder.documentationcatalog; path = TransactionScreen.docc; sourceTree = "<group>"; };
		0806060B2877324E0058DE6D /* Preview Assets.xcassets */ = {isa = PBXFileReference; lastKnownFileType = folder.assetcatalog; path = "Preview Assets.xcassets"; sourceTree = "<group>"; };
		0806060C2877324E0058DE6D /* TransactionPresenter.swift */ = {isa = PBXFileReference; fileEncoding = 4; lastKnownFileType = sourcecode.swift; path = TransactionPresenter.swift; sourceTree = "<group>"; };
		0806060D2877324E0058DE6D /* TransactionItem.swift */ = {isa = PBXFileReference; fileEncoding = 4; lastKnownFileType = sourcecode.swift; path = TransactionItem.swift; sourceTree = "<group>"; };
		0806060E2877324E0058DE6D /* CategoriesItem.swift */ = {isa = PBXFileReference; fileEncoding = 4; lastKnownFileType = sourcecode.swift; path = CategoriesItem.swift; sourceTree = "<group>"; };
		0806060F2877324E0058DE6D /* TransactionScreenApp.swift */ = {isa = PBXFileReference; fileEncoding = 4; lastKnownFileType = sourcecode.swift; path = TransactionScreenApp.swift; sourceTree = "<group>"; };
		080606102877324E0058DE6D /* FiltersView.swift */ = {isa = PBXFileReference; fileEncoding = 4; lastKnownFileType = sourcecode.swift; path = FiltersView.swift; sourceTree = "<group>"; };
		080606112877324E0058DE6D /* CategoriesMenu.swift */ = {isa = PBXFileReference; fileEncoding = 4; lastKnownFileType = sourcecode.swift; path = CategoriesMenu.swift; sourceTree = "<group>"; };
		080606122877324E0058DE6D /* TransactionAddNewModal.swift */ = {isa = PBXFileReference; fileEncoding = 4; lastKnownFileType = sourcecode.swift; path = TransactionAddNewModal.swift; sourceTree = "<group>"; };
		080606152877324E0058DE6D /* MockTransactionRepository.swift */ = {isa = PBXFileReference; fileEncoding = 4; lastKnownFileType = sourcecode.swift; path = MockTransactionRepository.swift; sourceTree = "<group>"; };
		080606162877324E0058DE6D /* TransactionLocalStorageMock.swift */ = {isa = PBXFileReference; fileEncoding = 4; lastKnownFileType = sourcecode.swift; path = TransactionLocalStorageMock.swift; sourceTree = "<group>"; };
		080606172877324E0058DE6D /* MockCategorieRepository.swift */ = {isa = PBXFileReference; fileEncoding = 4; lastKnownFileType = sourcecode.swift; path = MockCategorieRepository.swift; sourceTree = "<group>"; };
		080606182877324E0058DE6D /* InjectionInit.swift */ = {isa = PBXFileReference; fileEncoding = 4; lastKnownFileType = sourcecode.swift; path = InjectionInit.swift; sourceTree = "<group>"; };
		0806061B2877324F0058DE6D /* Header.swift */ = {isa = PBXFileReference; fileEncoding = 4; lastKnownFileType = sourcecode.swift; path = Header.swift; sourceTree = "<group>"; };
		0806061C2877324F0058DE6D /* FilterButton.swift */ = {isa = PBXFileReference; fileEncoding = 4; lastKnownFileType = sourcecode.swift; path = FilterButton.swift; sourceTree = "<group>"; };
		0806061D2877324F0058DE6D /* ClearButton.swift */ = {isa = PBXFileReference; fileEncoding = 4; lastKnownFileType = sourcecode.swift; path = ClearButton.swift; sourceTree = "<group>"; };
		0806061E2877324F0058DE6D /* CategoriesMenuFilter.swift */ = {isa = PBXFileReference; fileEncoding = 4; lastKnownFileType = sourcecode.swift; path = CategoriesMenuFilter.swift; sourceTree = "<group>"; };
		0806061F2877324F0058DE6D /* DatesMenuFilter.swift */ = {isa = PBXFileReference; fileEncoding = 4; lastKnownFileType = sourcecode.swift; path = DatesMenuFilter.swift; sourceTree = "<group>"; };
		080606202877324F0058DE6D /* TransationsVIew.swift */ = {isa = PBXFileReference; fileEncoding = 4; lastKnownFileType = sourcecode.swift; path = TransationsVIew.swift; sourceTree = "<group>"; };
		080606212877324F0058DE6D /* Assets.xcassets */ = {isa = PBXFileReference; lastKnownFileType = folder.assetcatalog; path = Assets.xcassets; sourceTree = "<group>"; };
		08B626FA287706C4007DA861 /* TransactionScreen.framework */ = {isa = PBXFileReference; explicitFileType = wrapper.framework; includeInIndex = 0; path = TransactionScreen.framework; sourceTree = BUILT_PRODUCTS_DIR; };
		08B626FD287706C4007DA861 /* TransactionScreen.h */ = {isa = PBXFileReference; lastKnownFileType = sourcecode.c.h; path = TransactionScreen.h; sourceTree = "<group>"; };
		08B626FE287706C4007DA861 /* TransactionScreen.docc */ = {isa = PBXFileReference; lastKnownFileType = folder.documentationcatalog; path = TransactionScreen.docc; sourceTree = "<group>"; };
		08B62704287706C4007DA861 /* TransactionScreenTests.xctest */ = {isa = PBXFileReference; explicitFileType = wrapper.cfbundle; includeInIndex = 0; path = TransactionScreenTests.xctest; sourceTree = BUILT_PRODUCTS_DIR; };
		08B62709287706C4007DA861 /* TransactionScreenTests.swift */ = {isa = PBXFileReference; lastKnownFileType = sourcecode.swift; path = TransactionScreenTests.swift; sourceTree = "<group>"; };
/* End PBXFileReference section */

/* Begin PBXFrameworksBuildPhase section */
		08B626F7287706C4007DA861 /* Frameworks */ = {
			isa = PBXFrameworksBuildPhase;
			buildActionMask = 2147483647;
			files = (
				08B6274628770785007DA861 /* BudgetPlannerCore in Frameworks */,
			);
			runOnlyForDeploymentPostprocessing = 0;
		};
		08B62701287706C4007DA861 /* Frameworks */ = {
			isa = PBXFrameworksBuildPhase;
			buildActionMask = 2147483647;
			files = (
				08B62705287706C4007DA861 /* TransactionScreen.framework in Frameworks */,
			);
			runOnlyForDeploymentPostprocessing = 0;
		};
/* End PBXFrameworksBuildPhase section */

/* Begin PBXGroup section */
		0806060A2877324E0058DE6D /* Preview Content */ = {
			isa = PBXGroup;
			children = (
				0806060B2877324E0058DE6D /* Preview Assets.xcassets */,
			);
			path = "Preview Content";
			sourceTree = "<group>";
		};
		080606132877324E0058DE6D /* Mock */ = {
			isa = PBXGroup;
			children = (
				080606142877324E0058DE6D /* Repositories */,
				080606182877324E0058DE6D /* InjectionInit.swift */,
			);
			path = Mock;
			sourceTree = "<group>";
		};
		080606142877324E0058DE6D /* Repositories */ = {
			isa = PBXGroup;
			children = (
				080606152877324E0058DE6D /* MockTransactionRepository.swift */,
				080606162877324E0058DE6D /* TransactionLocalStorageMock.swift */,
				080606172877324E0058DE6D /* MockCategorieRepository.swift */,
			);
			path = Repositories;
			sourceTree = "<group>";
		};
		080606192877324F0058DE6D /* Components */ = {
			isa = PBXGroup;
			children = (
				0806061A2877324F0058DE6D /* Atomic */,
			);
			path = Components;
			sourceTree = "<group>";
		};
		0806061A2877324F0058DE6D /* Atomic */ = {
			isa = PBXGroup;
			children = (
				0806061B2877324F0058DE6D /* Header.swift */,
				0806061C2877324F0058DE6D /* FilterButton.swift */,
				0806061D2877324F0058DE6D /* ClearButton.swift */,
			);
			path = Atomic;
			sourceTree = "<group>";
		};
		08B626F0287706C4007DA861 = {
			isa = PBXGroup;
			children = (
				08B626FC287706C4007DA861 /* TransactionScreen */,
				08B62708287706C4007DA861 /* TransactionScreenTests */,
				08B626FB287706C4007DA861 /* Products */,
			);
			sourceTree = "<group>";
		};
		08B626FB287706C4007DA861 /* Products */ = {
			isa = PBXGroup;
			children = (
				08B626FA287706C4007DA861 /* TransactionScreen.framework */,
				08B62704287706C4007DA861 /* TransactionScreenTests.xctest */,
			);
			name = Products;
			sourceTree = "<group>";
		};
		08B626FC287706C4007DA861 /* TransactionScreen */ = {
			isa = PBXGroup;
			children = (
				080606212877324F0058DE6D /* Assets.xcassets */,
				0806061E2877324F0058DE6D /* CategoriesMenuFilter.swift */,
				080606112877324E0058DE6D /* CategoriesMenu.swift */,
				080606192877324F0058DE6D /* Components */,
				0806061F2877324F0058DE6D /* DatesMenuFilter.swift */,
				0806060E2877324E0058DE6D /* CategoriesItem.swift */,
				080606102877324E0058DE6D /* FiltersView.swift */,
				080606132877324E0058DE6D /* Mock */,
				080606122877324E0058DE6D /* TransactionAddNewModal.swift */,
				0806060D2877324E0058DE6D /* TransactionItem.swift */,
				080606082877324E0058DE6D /* AddButton.swift */,
				0806060A2877324E0058DE6D /* Preview Content */,
				0806060C2877324E0058DE6D /* TransactionPresenter.swift */,
				080606092877324E0058DE6D /* TransactionScreen.docc */,
				0806060F2877324E0058DE6D /* TransactionScreenApp.swift */,
				080606202877324F0058DE6D /* TransationsVIew.swift */,
				08B626FD287706C4007DA861 /* TransactionScreen.h */,
				08B626FE287706C4007DA861 /* TransactionScreen.docc */,
			);
			path = TransactionScreen;
			sourceTree = "<group>";
		};
		08B62708287706C4007DA861 /* TransactionScreenTests */ = {
			isa = PBXGroup;
			children = (
				08B62709287706C4007DA861 /* TransactionScreenTests.swift */,
			);
			path = TransactionScreenTests;
			sourceTree = "<group>";
		};
/* End PBXGroup section */

/* Begin PBXHeadersBuildPhase section */
		08B626F5287706C4007DA861 /* Headers */ = {
			isa = PBXHeadersBuildPhase;
			buildActionMask = 2147483647;
			files = (
				08B6270B287706C4007DA861 /* TransactionScreen.h in Headers */,
			);
			runOnlyForDeploymentPostprocessing = 0;
		};
/* End PBXHeadersBuildPhase section */

/* Begin PBXNativeTarget section */
		08B626F9287706C4007DA861 /* TransactionScreen */ = {
			isa = PBXNativeTarget;
			buildConfigurationList = 08B6270E287706C4007DA861 /* Build configuration list for PBXNativeTarget "TransactionScreen" */;
			buildPhases = (
				08B626F5287706C4007DA861 /* Headers */,
				08B626F6287706C4007DA861 /* Sources */,
				08B626F7287706C4007DA861 /* Frameworks */,
				08B626F8287706C4007DA861 /* Resources */,
			);
			buildRules = (
			);
			dependencies = (
			);
			name = TransactionScreen;
			packageProductDependencies = (
				08B6274528770785007DA861 /* BudgetPlannerCore */,
			);
			productName = TransactionScreen;
			productReference = 08B626FA287706C4007DA861 /* TransactionScreen.framework */;
			productType = "com.apple.product-type.framework";
		};
		08B62703287706C4007DA861 /* TransactionScreenTests */ = {
			isa = PBXNativeTarget;
			buildConfigurationList = 08B62711287706C4007DA861 /* Build configuration list for PBXNativeTarget "TransactionScreenTests" */;
			buildPhases = (
				08B62700287706C4007DA861 /* Sources */,
				08B62701287706C4007DA861 /* Frameworks */,
				08B62702287706C4007DA861 /* Resources */,
			);
			buildRules = (
			);
			dependencies = (
				08B62707287706C4007DA861 /* PBXTargetDependency */,
			);
			name = TransactionScreenTests;
			productName = TransactionScreenTests;
			productReference = 08B62704287706C4007DA861 /* TransactionScreenTests.xctest */;
			productType = "com.apple.product-type.bundle.unit-test";
		};
/* End PBXNativeTarget section */

/* Begin PBXProject section */
		08B626F1287706C4007DA861 /* Project object */ = {
			isa = PBXProject;
			attributes = {
				BuildIndependentTargetsInParallel = 1;
				LastSwiftUpdateCheck = 1400;
				LastUpgradeCheck = 1400;
				TargetAttributes = {
					08B626F9287706C4007DA861 = {
						CreatedOnToolsVersion = 14.0;
					};
					08B62703287706C4007DA861 = {
						CreatedOnToolsVersion = 14.0;
					};
				};
			};
			buildConfigurationList = 08B626F4287706C4007DA861 /* Build configuration list for PBXProject "TransactionScreen" */;
			compatibilityVersion = "Xcode 14.0";
			developmentRegion = en;
			hasScannedForEncodings = 0;
			knownRegions = (
				en,
				Base,
			);
			mainGroup = 08B626F0287706C4007DA861;
			packageReferences = (
				08B6274428770785007DA861 /* XCRemoteSwiftPackageReference "BudgetPlannerCore" */,
			);
			productRefGroup = 08B626FB287706C4007DA861 /* Products */;
			projectDirPath = "";
			projectRoot = "";
			targets = (
				08B626F9287706C4007DA861 /* TransactionScreen */,
				08B62703287706C4007DA861 /* TransactionScreenTests */,
			);
		};
/* End PBXProject section */

/* Begin PBXResourcesBuildPhase section */
		08B626F8287706C4007DA861 /* Resources */ = {
			isa = PBXResourcesBuildPhase;
			buildActionMask = 2147483647;
			files = (
				080606242877324F0058DE6D /* Preview Assets.xcassets in Resources */,
				080606362877324F0058DE6D /* Assets.xcassets in Resources */,
			);
			runOnlyForDeploymentPostprocessing = 0;
		};
		08B62702287706C4007DA861 /* Resources */ = {
			isa = PBXResourcesBuildPhase;
			buildActionMask = 2147483647;
			files = (
			);
			runOnlyForDeploymentPostprocessing = 0;
		};
/* End PBXResourcesBuildPhase section */

/* Begin PBXSourcesBuildPhase section */
		08B626F6287706C4007DA861 /* Sources */ = {
			isa = PBXSourcesBuildPhase;
			buildActionMask = 2147483647;
			files = (
				080606292877324F0058DE6D /* FiltersView.swift in Sources */,
				080606222877324F0058DE6D /* AddButton.swift in Sources */,
				0806062F2877324F0058DE6D /* InjectionInit.swift in Sources */,
				080606332877324F0058DE6D /* CategoriesMenuFilter.swift in Sources */,
				0806062B2877324F0058DE6D /* TransactionAddNewModal.swift in Sources */,
				0806062C2877324F0058DE6D /* MockTransactionRepository.swift in Sources */,
				0806062D2877324F0058DE6D /* TransactionLocalStorageMock.swift in Sources */,
				080606252877324F0058DE6D /* TransactionPresenter.swift in Sources */,
				0806062A2877324F0058DE6D /* CategoriesMenu.swift in Sources */,
				080606282877324F0058DE6D /* TransactionScreenApp.swift in Sources */,
				080606302877324F0058DE6D /* Header.swift in Sources */,
				08B626FF287706C4007DA861 /* TransactionScreen.docc in Sources */,
				080606272877324F0058DE6D /* CategoriesItem.swift in Sources */,
				0806062E2877324F0058DE6D /* MockCategorieRepository.swift in Sources */,
				080606312877324F0058DE6D /* FilterButton.swift in Sources */,
				080606342877324F0058DE6D /* DatesMenuFilter.swift in Sources */,
				080606322877324F0058DE6D /* ClearButton.swift in Sources */,
				080606232877324F0058DE6D /* TransactionScreen.docc in Sources */,
				080606352877324F0058DE6D /* TransationsVIew.swift in Sources */,
				080606262877324F0058DE6D /* TransactionItem.swift in Sources */,
			);
			runOnlyForDeploymentPostprocessing = 0;
		};
		08B62700287706C4007DA861 /* Sources */ = {
			isa = PBXSourcesBuildPhase;
			buildActionMask = 2147483647;
			files = (
				08B6270A287706C4007DA861 /* TransactionScreenTests.swift in Sources */,
			);
			runOnlyForDeploymentPostprocessing = 0;
		};
/* End PBXSourcesBuildPhase section */

/* Begin PBXTargetDependency section */
		08B62707287706C4007DA861 /* PBXTargetDependency */ = {
			isa = PBXTargetDependency;
			target = 08B626F9287706C4007DA861 /* TransactionScreen */;
			targetProxy = 08B62706287706C4007DA861 /* PBXContainerItemProxy */;
		};
/* End PBXTargetDependency section */

/* Begin XCBuildConfiguration section */
		08B6270C287706C4007DA861 /* Debug */ = {
			isa = XCBuildConfiguration;
			buildSettings = {
				ALWAYS_SEARCH_USER_PATHS = NO;
				CLANG_ANALYZER_NONNULL = YES;
				CLANG_ANALYZER_NUMBER_OBJECT_CONVERSION = YES_AGGRESSIVE;
				CLANG_CXX_LANGUAGE_STANDARD = "gnu++17";
				CLANG_ENABLE_MODULES = YES;
				CLANG_ENABLE_OBJC_ARC = YES;
				CLANG_ENABLE_OBJC_WEAK = YES;
				CLANG_WARN_BLOCK_CAPTURE_AUTORELEASING = YES;
				CLANG_WARN_BOOL_CONVERSION = YES;
				CLANG_WARN_COMMA = YES;
				CLANG_WARN_CONSTANT_CONVERSION = YES;
				CLANG_WARN_DEPRECATED_OBJC_IMPLEMENTATIONS = YES;
				CLANG_WARN_DIRECT_OBJC_ISA_USAGE = YES_ERROR;
				CLANG_WARN_DOCUMENTATION_COMMENTS = YES;
				CLANG_WARN_EMPTY_BODY = YES;
				CLANG_WARN_ENUM_CONVERSION = YES;
				CLANG_WARN_INFINITE_RECURSION = YES;
				CLANG_WARN_INT_CONVERSION = YES;
				CLANG_WARN_NON_LITERAL_NULL_CONVERSION = YES;
				CLANG_WARN_OBJC_IMPLICIT_RETAIN_SELF = YES;
				CLANG_WARN_OBJC_LITERAL_CONVERSION = YES;
				CLANG_WARN_OBJC_ROOT_CLASS = YES_ERROR;
				CLANG_WARN_QUOTED_INCLUDE_IN_FRAMEWORK_HEADER = YES;
				CLANG_WARN_RANGE_LOOP_ANALYSIS = YES;
				CLANG_WARN_STRICT_PROTOTYPES = YES;
				CLANG_WARN_SUSPICIOUS_MOVE = YES;
				CLANG_WARN_UNGUARDED_AVAILABILITY = YES_AGGRESSIVE;
				CLANG_WARN_UNREACHABLE_CODE = YES;
				CLANG_WARN__DUPLICATE_METHOD_MATCH = YES;
				COPY_PHASE_STRIP = NO;
				CURRENT_PROJECT_VERSION = 1;
				DEBUG_INFORMATION_FORMAT = dwarf;
				ENABLE_STRICT_OBJC_MSGSEND = YES;
				ENABLE_TESTABILITY = YES;
				GCC_C_LANGUAGE_STANDARD = gnu11;
				GCC_DYNAMIC_NO_PIC = NO;
				GCC_NO_COMMON_BLOCKS = YES;
				GCC_OPTIMIZATION_LEVEL = 0;
				GCC_PREPROCESSOR_DEFINITIONS = (
					"DEBUG=1",
					"$(inherited)",
				);
				GCC_WARN_64_TO_32_BIT_CONVERSION = YES;
				GCC_WARN_ABOUT_RETURN_TYPE = YES_ERROR;
				GCC_WARN_UNDECLARED_SELECTOR = YES;
				GCC_WARN_UNINITIALIZED_AUTOS = YES_AGGRESSIVE;
				GCC_WARN_UNUSED_FUNCTION = YES;
				GCC_WARN_UNUSED_VARIABLE = YES;
				IPHONEOS_DEPLOYMENT_TARGET = 16.0;
				MTL_ENABLE_DEBUG_INFO = INCLUDE_SOURCE;
				MTL_FAST_MATH = YES;
				ONLY_ACTIVE_ARCH = YES;
				SDKROOT = iphoneos;
				SWIFT_ACTIVE_COMPILATION_CONDITIONS = DEBUG;
				SWIFT_OPTIMIZATION_LEVEL = "-Onone";
				VERSIONING_SYSTEM = "apple-generic";
				VERSION_INFO_PREFIX = "";
			};
			name = Debug;
		};
		08B6270D287706C4007DA861 /* Release */ = {
			isa = XCBuildConfiguration;
			buildSettings = {
				ALWAYS_SEARCH_USER_PATHS = NO;
				CLANG_ANALYZER_NONNULL = YES;
				CLANG_ANALYZER_NUMBER_OBJECT_CONVERSION = YES_AGGRESSIVE;
				CLANG_CXX_LANGUAGE_STANDARD = "gnu++17";
				CLANG_ENABLE_MODULES = YES;
				CLANG_ENABLE_OBJC_ARC = YES;
				CLANG_ENABLE_OBJC_WEAK = YES;
				CLANG_WARN_BLOCK_CAPTURE_AUTORELEASING = YES;
				CLANG_WARN_BOOL_CONVERSION = YES;
				CLANG_WARN_COMMA = YES;
				CLANG_WARN_CONSTANT_CONVERSION = YES;
				CLANG_WARN_DEPRECATED_OBJC_IMPLEMENTATIONS = YES;
				CLANG_WARN_DIRECT_OBJC_ISA_USAGE = YES_ERROR;
				CLANG_WARN_DOCUMENTATION_COMMENTS = YES;
				CLANG_WARN_EMPTY_BODY = YES;
				CLANG_WARN_ENUM_CONVERSION = YES;
				CLANG_WARN_INFINITE_RECURSION = YES;
				CLANG_WARN_INT_CONVERSION = YES;
				CLANG_WARN_NON_LITERAL_NULL_CONVERSION = YES;
				CLANG_WARN_OBJC_IMPLICIT_RETAIN_SELF = YES;
				CLANG_WARN_OBJC_LITERAL_CONVERSION = YES;
				CLANG_WARN_OBJC_ROOT_CLASS = YES_ERROR;
				CLANG_WARN_QUOTED_INCLUDE_IN_FRAMEWORK_HEADER = YES;
				CLANG_WARN_RANGE_LOOP_ANALYSIS = YES;
				CLANG_WARN_STRICT_PROTOTYPES = YES;
				CLANG_WARN_SUSPICIOUS_MOVE = YES;
				CLANG_WARN_UNGUARDED_AVAILABILITY = YES_AGGRESSIVE;
				CLANG_WARN_UNREACHABLE_CODE = YES;
				CLANG_WARN__DUPLICATE_METHOD_MATCH = YES;
				COPY_PHASE_STRIP = NO;
				CURRENT_PROJECT_VERSION = 1;
				DEBUG_INFORMATION_FORMAT = "dwarf-with-dsym";
				ENABLE_NS_ASSERTIONS = NO;
				ENABLE_STRICT_OBJC_MSGSEND = YES;
				GCC_C_LANGUAGE_STANDARD = gnu11;
				GCC_NO_COMMON_BLOCKS = YES;
				GCC_WARN_64_TO_32_BIT_CONVERSION = YES;
				GCC_WARN_ABOUT_RETURN_TYPE = YES_ERROR;
				GCC_WARN_UNDECLARED_SELECTOR = YES;
				GCC_WARN_UNINITIALIZED_AUTOS = YES_AGGRESSIVE;
				GCC_WARN_UNUSED_FUNCTION = YES;
				GCC_WARN_UNUSED_VARIABLE = YES;
				IPHONEOS_DEPLOYMENT_TARGET = 16.0;
				MTL_ENABLE_DEBUG_INFO = NO;
				MTL_FAST_MATH = YES;
				SDKROOT = iphoneos;
				SWIFT_COMPILATION_MODE = wholemodule;
				SWIFT_OPTIMIZATION_LEVEL = "-O";
				VALIDATE_PRODUCT = YES;
				VERSIONING_SYSTEM = "apple-generic";
				VERSION_INFO_PREFIX = "";
			};
			name = Release;
		};
		08B6270F287706C4007DA861 /* Debug */ = {
			isa = XCBuildConfiguration;
			buildSettings = {
				CODE_SIGN_STYLE = Automatic;
				CURRENT_PROJECT_VERSION = 1;
				DEFINES_MODULE = YES;
				DEVELOPMENT_TEAM = W6LV7434ZR;
				DYLIB_COMPATIBILITY_VERSION = 1;
				DYLIB_CURRENT_VERSION = 1;
				DYLIB_INSTALL_NAME_BASE = "@rpath";
				GENERATE_INFOPLIST_FILE = YES;
				INFOPLIST_KEY_NSHumanReadableCopyright = "";
				INSTALL_PATH = "$(LOCAL_LIBRARY_DIR)/Frameworks";
				IPHONEOS_DEPLOYMENT_TARGET = 15.0;
				LD_RUNPATH_SEARCH_PATHS = (
					"$(inherited)",
					"@executable_path/Frameworks",
					"@loader_path/Frameworks",
				);
				MARKETING_VERSION = 1.0;
				PRODUCT_BUNDLE_IDENTIFIER = fr.montenegrodeveloper.TransactionScreen;
				PRODUCT_NAME = "$(TARGET_NAME:c99extidentifier)";
				SKIP_INSTALL = YES;
				SWIFT_EMIT_LOC_STRINGS = YES;
				SWIFT_VERSION = 5.0;
				TARGETED_DEVICE_FAMILY = "1,2";
			};
			name = Debug;
		};
		08B62710287706C4007DA861 /* Release */ = {
			isa = XCBuildConfiguration;
			buildSettings = {
				CODE_SIGN_STYLE = Automatic;
				CURRENT_PROJECT_VERSION = 1;
				DEFINES_MODULE = YES;
				DEVELOPMENT_TEAM = W6LV7434ZR;
				DYLIB_COMPATIBILITY_VERSION = 1;
				DYLIB_CURRENT_VERSION = 1;
				DYLIB_INSTALL_NAME_BASE = "@rpath";
				GENERATE_INFOPLIST_FILE = YES;
				INFOPLIST_KEY_NSHumanReadableCopyright = "";
				INSTALL_PATH = "$(LOCAL_LIBRARY_DIR)/Frameworks";
				IPHONEOS_DEPLOYMENT_TARGET = 15.0;
				LD_RUNPATH_SEARCH_PATHS = (
					"$(inherited)",
					"@executable_path/Frameworks",
					"@loader_path/Frameworks",
				);
				MARKETING_VERSION = 1.0;
				PRODUCT_BUNDLE_IDENTIFIER = fr.montenegrodeveloper.TransactionScreen;
				PRODUCT_NAME = "$(TARGET_NAME:c99extidentifier)";
				SKIP_INSTALL = YES;
				SWIFT_EMIT_LOC_STRINGS = YES;
				SWIFT_VERSION = 5.0;
				TARGETED_DEVICE_FAMILY = "1,2";
			};
			name = Release;
		};
		08B62712287706C4007DA861 /* Debug */ = {
			isa = XCBuildConfiguration;
			buildSettings = {
				ALWAYS_EMBED_SWIFT_STANDARD_LIBRARIES = YES;
				CODE_SIGN_STYLE = Automatic;
				CURRENT_PROJECT_VERSION = 1;
				DEVELOPMENT_TEAM = W6LV7434ZR;
				GENERATE_INFOPLIST_FILE = YES;
				MARKETING_VERSION = 1.0;
				PRODUCT_BUNDLE_IDENTIFIER = fr.montenegrodeveloper.TransactionScreenTests;
				PRODUCT_NAME = "$(TARGET_NAME)";
				SWIFT_EMIT_LOC_STRINGS = NO;
				SWIFT_VERSION = 5.0;
				TARGETED_DEVICE_FAMILY = "1,2";
			};
			name = Debug;
		};
		08B62713287706C4007DA861 /* Release */ = {
			isa = XCBuildConfiguration;
			buildSettings = {
				ALWAYS_EMBED_SWIFT_STANDARD_LIBRARIES = YES;
				CODE_SIGN_STYLE = Automatic;
				CURRENT_PROJECT_VERSION = 1;
				DEVELOPMENT_TEAM = W6LV7434ZR;
				GENERATE_INFOPLIST_FILE = YES;
				MARKETING_VERSION = 1.0;
				PRODUCT_BUNDLE_IDENTIFIER = fr.montenegrodeveloper.TransactionScreenTests;
				PRODUCT_NAME = "$(TARGET_NAME)";
				SWIFT_EMIT_LOC_STRINGS = NO;
				SWIFT_VERSION = 5.0;
				TARGETED_DEVICE_FAMILY = "1,2";
			};
			name = Release;
		};
/* End XCBuildConfiguration section */

/* Begin XCConfigurationList section */
		08B626F4287706C4007DA861 /* Build configuration list for PBXProject "TransactionScreen" */ = {
			isa = XCConfigurationList;
			buildConfigurations = (
				08B6270C287706C4007DA861 /* Debug */,
				08B6270D287706C4007DA861 /* Release */,
			);
			defaultConfigurationIsVisible = 0;
			defaultConfigurationName = Release;
		};
		08B6270E287706C4007DA861 /* Build configuration list for PBXNativeTarget "TransactionScreen" */ = {
			isa = XCConfigurationList;
			buildConfigurations = (
				08B6270F287706C4007DA861 /* Debug */,
				08B62710287706C4007DA861 /* Release */,
			);
			defaultConfigurationIsVisible = 0;
			defaultConfigurationName = Release;
		};
		08B62711287706C4007DA861 /* Build configuration list for PBXNativeTarget "TransactionScreenTests" */ = {
			isa = XCConfigurationList;
			buildConfigurations = (
				08B62712287706C4007DA861 /* Debug */,
				08B62713287706C4007DA861 /* Release */,
			);
			defaultConfigurationIsVisible = 0;
			defaultConfigurationName = Release;
		};
/* End XCConfigurationList section */

/* Begin XCRemoteSwiftPackageReference section */
		08B6274428770785007DA861 /* XCRemoteSwiftPackageReference "BudgetPlannerCore" */ = {
			isa = XCRemoteSwiftPackageReference;
			repositoryURL = "https://github.com/eldinsmakic/BudgetPlannerCore.git";
			requirement = {
				branch = main;
				kind = branch;
			};
		};
/* End XCRemoteSwiftPackageReference section */

/* Begin XCSwiftPackageProductDependency section */
		08B6274528770785007DA861 /* BudgetPlannerCore */ = {
			isa = XCSwiftPackageProductDependency;
			package = 08B6274428770785007DA861 /* XCRemoteSwiftPackageReference "BudgetPlannerCore" */;
			productName = BudgetPlannerCore;
		};
/* End XCSwiftPackageProductDependency section */
	};
	rootObject = 08B626F1287706C4007DA861 /* Project object */;
}
